
Microsoft Visual Studio Solution File, Format Version 12.00
# Visual Studio 15
VisualStudioVersion = 15.0.28010.2016
MinimumVisualStudioVersion = 10.0.40219.1
Project("{FAE04EC0-301F-11D3-BF4B-00C04F79EFBC}") = "homework1", "homework1\homework1.csproj", "{A8F80EEA-C9B0-4187-80CE-12BE104A0E79}"
EndProject
Project("{FAE04EC0-301F-11D3-BF4B-00C04F79EFBC}") = "program2", "program2\program2.csproj", "{C79515D7-3578-44E3-987A-9551454AB5ED}"
EndProject
Global
	GlobalSection(SolutionConfigurationPlatforms) = preSolution
		Debug|Any CPU = Debug|Any CPU
		Release|Any CPU = Release|Any CPU
	EndGlobalSection
	GlobalSection(ProjectConfigurationPlatforms) = postSolution
		{A8F80EEA-C9B0-4187-80CE-12BE104A0E79}.Debug|Any CPU.ActiveCfg = Debug|Any CPU
		{A8F80EEA-C9B0-4187-80CE-12BE104A0E79}.Debug|Any CPU.Build.0 = Debug|Any CPU
		{A8F80EEA-C9B0-4187-80CE-12BE104A0E79}.Release|Any CPU.ActiveCfg = Release|Any CPU
		{A8F80EEA-C9B0-4187-80CE-12BE104A0E79}.Release|Any CPU.Build.0 = Release|Any CPU
		{C79515D7-3578-44E3-987A-9551454AB5ED}.Debug|Any CPU.ActiveCfg = Debug|Any CPU
		{C79515D7-3578-44E3-987A-9551454AB5ED}.Debug|Any CPU.Build.0 = Debug|Any CPU
		{C79515D7-3578-44E3-987A-9551454AB5ED}.Release|Any CPU.ActiveCfg = Release|Any CPU
		{C79515D7-3578-44E3-987A-9551454AB5ED}.Release|Any CPU.Build.0 = Release|Any CPU
	EndGlobalSection
	GlobalSection(SolutionProperties) = preSolution
		HideSolutionNode = FALSE
	EndGlobalSection
	GlobalSection(ExtensibilityGlobals) = postSolution
		SolutionGuid = {B0E49569-1E1E-4AF8-B95E-1F25E42235CF}
	EndGlobalSection
EndGlobal
