
Microsoft Visual Studio Solution File, Format Version 12.00
# Visual Studio 15
VisualStudioVersion = 15.0.28010.2026
MinimumVisualStudioVersion = 10.0.40219.1
Project("{FAE04EC0-301F-11D3-BF4B-00C04F79EFBC}") = "homework3", "homework3\homework3.csproj", "{8B961AA5-7A81-4133-80EC-1B828065187E}"
EndProject
Global
	GlobalSection(SolutionConfigurationPlatforms) = preSolution
		Debug|Any CPU = Debug|Any CPU
		Release|Any CPU = Release|Any CPU
	EndGlobalSection
	GlobalSection(ProjectConfigurationPlatforms) = postSolution
		{8B961AA5-7A81-4133-80EC-1B828065187E}.Debug|Any CPU.ActiveCfg = Debug|Any CPU
		{8B961AA5-7A81-4133-80EC-1B828065187E}.Debug|Any CPU.Build.0 = Debug|Any CPU
		{8B961AA5-7A81-4133-80EC-1B828065187E}.Release|Any CPU.ActiveCfg = Release|Any CPU
		{8B961AA5-7A81-4133-80EC-1B828065187E}.Release|Any CPU.Build.0 = Release|Any CPU
	EndGlobalSection
	GlobalSection(SolutionProperties) = preSolution
		HideSolutionNode = FALSE
	EndGlobalSection
	GlobalSection(ExtensibilityGlobals) = postSolution
		SolutionGuid = {44F20BCD-C4ED-41FB-B24F-E352D6E41922}
	EndGlobalSection
EndGlobal
